
Microsoft Visual Studio Solution File, Format Version 12.00
# Visual Studio Version 17
VisualStudioVersion = 17.10.35122.118
MinimumVisualStudioVersion = 10.0.40219.1
Project("{FAE04EC0-301F-11D3-BF4B-00C04F79EFBC}") = "Backend", "Backend.csproj", "{65FF1FBC-A36E-4419-B660-A307A2F610EE}"
EndProject
Global
	GlobalSection(SolutionConfigurationPlatforms) = preSolution
		Debug|Any CPU = Debug|Any CPU
		Release|Any CPU = Release|Any CPU
	EndGlobalSection
	GlobalSection(ProjectConfigurationPlatforms) = postSolution
		{65FF1FBC-A36E-4419-B660-A307A2F610EE}.Debug|Any CPU.ActiveCfg = Debug|Any CPU
		{65FF1FBC-A36E-4419-B660-A307A2F610EE}.Debug|Any CPU.Build.0 = Debug|Any CPU
		{65FF1FBC-A36E-4419-B660-A307A2F610EE}.Release|Any CPU.ActiveCfg = Release|Any CPU
		{65FF1FBC-A36E-4419-B660-A307A2F610EE}.Release|Any CPU.Build.0 = Release|Any CPU
	EndGlobalSection
	GlobalSection(SolutionProperties) = preSolution
		HideSolutionNode = FALSE
	EndGlobalSection
	GlobalSection(ExtensibilityGlobals) = postSolution
		SolutionGuid = {62049997-9C1C-4978-88FF-FE54827B4BA7}
	EndGlobalSection
EndGlobal
